// !$*UTF8*$!
{
	archiveVersion = 1;
	classes = {
	};
	objectVersion = 56;
	objects = {

/* Begin PBXBuildFile section */
		324000B32B8073460017CA4F /* GPSViewApp.swift in Sources */ = {isa = PBXBuildFile; fileRef = 324000B22B8073460017CA4F /* GPSViewApp.swift */; };
		324000B52B8073460017CA4F /* ContentView.swift in Sources */ = {isa = PBXBuildFile; fileRef = 324000B42B8073460017CA4F /* ContentView.swift */; };
		324000B72B8073480017CA4F /* Assets.xcassets in Resources */ = {isa = PBXBuildFile; fileRef = 324000B62B8073480017CA4F /* Assets.xcassets */; };
		324000BA2B8073480017CA4F /* Preview Assets.xcassets in Resources */ = {isa = PBXBuildFile; fileRef = 324000B92B8073480017CA4F /* Preview Assets.xcassets */; };
		324000C42B8073480017CA4F /* GPSViewTests.swift in Sources */ = {isa = PBXBuildFile; fileRef = 324000C32B8073480017CA4F /* GPSViewTests.swift */; };
		324000CE2B8073490017CA4F /* GPSViewUITests.swift in Sources */ = {isa = PBXBuildFile; fileRef = 324000CD2B8073490017CA4F /* GPSViewUITests.swift */; };
		324000D02B8073490017CA4F /* GPSViewUITestsLaunchTests.swift in Sources */ = {isa = PBXBuildFile; fileRef = 324000CF2B8073490017CA4F /* GPSViewUITestsLaunchTests.swift */; };
		324000DD2B80739E0017CA4F /* MapView.swift in Sources */ = {isa = PBXBuildFile; fileRef = 324000DC2B80739E0017CA4F /* MapView.swift */; };
		324000DF2B8073C60017CA4F /* CircleImage.swift in Sources */ = {isa = PBXBuildFile; fileRef = 324000DE2B8073C60017CA4F /* CircleImage.swift */; };
/* End PBXBuildFile section */

/* Begin PBXContainerItemProxy section */
		324000C02B8073480017CA4F /* PBXContainerItemProxy */ = {
			isa = PBXContainerItemProxy;
			containerPortal = 324000A72B8073460017CA4F /* Project object */;
			proxyType = 1;
			remoteGlobalIDString = 324000AE2B8073460017CA4F;
			remoteInfo = GPSView;
		};
		324000CA2B8073490017CA4F /* PBXContainerItemProxy */ = {
			isa = PBXContainerItemProxy;
			containerPortal = 324000A72B8073460017CA4F /* Project object */;
			proxyType = 1;
			remoteGlobalIDString = 324000AE2B8073460017CA4F;
			remoteInfo = GPSView;
		};
/* End PBXContainerItemProxy section */

/* Begin PBXFileReference section */
		324000AF2B8073460017CA4F /* GPSView.app */ = {isa = PBXFileReference; explicitFileType = wrapper.application; includeInIndex = 0; path = GPSView.app; sourceTree = BUILT_PRODUCTS_DIR; };
		324000B22B8073460017CA4F /* GPSViewApp.swift */ = {isa = PBXFileReference; lastKnownFileType = sourcecode.swift; path = GPSViewApp.swift; sourceTree = "<group>"; };
		324000B42B8073460017CA4F /* ContentView.swift */ = {isa = PBXFileReference; lastKnownFileType = sourcecode.swift; path = ContentView.swift; sourceTree = "<group>"; };
		324000B62B8073480017CA4F /* Assets.xcassets */ = {isa = PBXFileReference; lastKnownFileType = folder.assetcatalog; path = Assets.xcassets; sourceTree = "<group>"; };
		324000B92B8073480017CA4F /* Preview Assets.xcassets */ = {isa = PBXFileReference; lastKnownFileType = folder.assetcatalog; path = "Preview Assets.xcassets"; sourceTree = "<group>"; };
		324000BF2B8073480017CA4F /* GPSViewTests.xctest */ = {isa = PBXFileReference; explicitFileType = wrapper.cfbundle; includeInIndex = 0; path = GPSViewTests.xctest; sourceTree = BUILT_PRODUCTS_DIR; };
		324000C32B8073480017CA4F /* GPSViewTests.swift */ = {isa = PBXFileReference; lastKnownFileType = sourcecode.swift; path = GPSViewTests.swift; sourceTree = "<group>"; };
		324000C92B8073490017CA4F /* GPSViewUITests.xctest */ = {isa = PBXFileReference; explicitFileType = wrapper.cfbundle; includeInIndex = 0; path = GPSViewUITests.xctest; sourceTree = BUILT_PRODUCTS_DIR; };
		324000CD2B8073490017CA4F /* GPSViewUITests.swift */ = {isa = PBXFileReference; lastKnownFileType = sourcecode.swift; path = GPSViewUITests.swift; sourceTree = "<group>"; };
		324000CF2B8073490017CA4F /* GPSViewUITestsLaunchTests.swift */ = {isa = PBXFileReference; lastKnownFileType = sourcecode.swift; path = GPSViewUITestsLaunchTests.swift; sourceTree = "<group>"; };
		324000DC2B80739E0017CA4F /* MapView.swift */ = {isa = PBXFileReference; lastKnownFileType = sourcecode.swift; path = MapView.swift; sourceTree = "<group>"; };
		324000DE2B8073C60017CA4F /* CircleImage.swift */ = {isa = PBXFileReference; lastKnownFileType = sourcecode.swift; path = CircleImage.swift; sourceTree = "<group>"; };
/* End PBXFileReference section */

/* Begin PBXFrameworksBuildPhase section */
		324000AC2B8073460017CA4F /* Frameworks */ = {
			isa = PBXFrameworksBuildPhase;
			buildActionMask = 2147483647;
			files = (
			);
			runOnlyForDeploymentPostprocessing = 0;
		};
		324000BC2B8073480017CA4F /* Frameworks */ = {
			isa = PBXFrameworksBuildPhase;
			buildActionMask = 2147483647;
			files = (
			);
			runOnlyForDeploymentPostprocessing = 0;
		};
		324000C62B8073490017CA4F /* Frameworks */ = {
			isa = PBXFrameworksBuildPhase;
			buildActionMask = 2147483647;
			files = (
			);
			runOnlyForDeploymentPostprocessing = 0;
		};
/* End PBXFrameworksBuildPhase section */

/* Begin PBXGroup section */
		324000A62B8073460017CA4F = {
			isa = PBXGroup;
			children = (
				324000B12B8073460017CA4F /* GPSView */,
				324000C22B8073480017CA4F /* GPSViewTests */,
				324000CC2B8073490017CA4F /* GPSViewUITests */,
				324000B02B8073460017CA4F /* Products */,
			);
			sourceTree = "<group>";
		};
		324000B02B8073460017CA4F /* Products */ = {
			isa = PBXGroup;
			children = (
				324000AF2B8073460017CA4F /* GPSView.app */,
				324000BF2B8073480017CA4F /* GPSViewTests.xctest */,
				324000C92B8073490017CA4F /* GPSViewUITests.xctest */,
			);
			name = Products;
			sourceTree = "<group>";
		};
		324000B12B8073460017CA4F /* GPSView */ = {
			isa = PBXGroup;
			children = (
				324000B22B8073460017CA4F /* GPSViewApp.swift */,
				324000B42B8073460017CA4F /* ContentView.swift */,
				324000DC2B80739E0017CA4F /* MapView.swift */,
				324000DE2B8073C60017CA4F /* CircleImage.swift */,
				324000B62B8073480017CA4F /* Assets.xcassets */,
				324000B82B8073480017CA4F /* Preview Content */,
			);
			path = GPSView;
			sourceTree = "<group>";
		};
		324000B82B8073480017CA4F /* Preview Content */ = {
			isa = PBXGroup;
			children = (
				324000B92B8073480017CA4F /* Preview Assets.xcassets */,
			);
			path = "Preview Content";
			sourceTree = "<group>";
		};
		324000C22B8073480017CA4F /* GPSViewTests */ = {
			isa = PBXGroup;
			children = (
				324000C32B8073480017CA4F /* GPSViewTests.swift */,
			);
			path = GPSViewTests;
			sourceTree = "<group>";
		};
		324000CC2B8073490017CA4F /* GPSViewUITests */ = {
			isa = PBXGroup;
			children = (
				324000CD2B8073490017CA4F /* GPSViewUITests.swift */,
				324000CF2B8073490017CA4F /* GPSViewUITestsLaunchTests.swift */,
			);
			path = GPSViewUITests;
			sourceTree = "<group>";
		};
/* End PBXGroup section */

/* Begin PBXNativeTarget section */
		324000AE2B8073460017CA4F /* GPSView */ = {
			isa = PBXNativeTarget;
			buildConfigurationList = 324000D32B8073490017CA4F /* Build configuration list for PBXNativeTarget "GPSView" */;
			buildPhases = (
				324000AB2B8073460017CA4F /* Sources */,
				324000AC2B8073460017CA4F /* Frameworks */,
				324000AD2B8073460017CA4F /* Resources */,
			);
			buildRules = (
			);
			dependencies = (
			);
			name = GPSView;
			productName = GPSView;
			productReference = 324000AF2B8073460017CA4F /* GPSView.app */;
			productType = "com.apple.product-type.application";
		};
		324000BE2B8073480017CA4F /* GPSViewTests */ = {
			isa = PBXNativeTarget;
			buildConfigurationList = 324000D62B8073490017CA4F /* Build configuration list for PBXNativeTarget "GPSViewTests" */;
			buildPhases = (
				324000BB2B8073480017CA4F /* Sources */,
				324000BC2B8073480017CA4F /* Frameworks */,
				324000BD2B8073480017CA4F /* Resources */,
			);
			buildRules = (
			);
			dependencies = (
				324000C12B8073480017CA4F /* PBXTargetDependency */,
			);
			name = GPSViewTests;
			productName = GPSViewTests;
			productReference = 324000BF2B8073480017CA4F /* GPSViewTests.xctest */;
			productType = "com.apple.product-type.bundle.unit-test";
		};
		324000C82B8073490017CA4F /* GPSViewUITests */ = {
			isa = PBXNativeTarget;
			buildConfigurationList = 324000D92B8073490017CA4F /* Build configuration list for PBXNativeTarget "GPSViewUITests" */;
			buildPhases = (
				324000C52B8073490017CA4F /* Sources */,
				324000C62B8073490017CA4F /* Frameworks */,
				324000C72B8073490017CA4F /* Resources */,
			);
			buildRules = (
			);
			dependencies = (
				324000CB2B8073490017CA4F /* PBXTargetDependency */,
			);
			name = GPSViewUITests;
			productName = GPSViewUITests;
			productReference = 324000C92B8073490017CA4F /* GPSViewUITests.xctest */;
			productType = "com.apple.product-type.bundle.ui-testing";
		};
/* End PBXNativeTarget section */

/* Begin PBXProject section */
		324000A72B8073460017CA4F /* Project object */ = {
			isa = PBXProject;
			attributes = {
				BuildIndependentTargetsInParallel = 1;
				LastSwiftUpdateCheck = 1520;
				LastUpgradeCheck = 1520;
				TargetAttributes = {
					324000AE2B8073460017CA4F = {
						CreatedOnToolsVersion = 15.2;
					};
					324000BE2B8073480017CA4F = {
						CreatedOnToolsVersion = 15.2;
						TestTargetID = 324000AE2B8073460017CA4F;
					};
					324000C82B8073490017CA4F = {
						CreatedOnToolsVersion = 15.2;
						TestTargetID = 324000AE2B8073460017CA4F;
					};
				};
			};
			buildConfigurationList = 324000AA2B8073460017CA4F /* Build configuration list for PBXProject "GPSView" */;
			compatibilityVersion = "Xcode 14.0";
			developmentRegion = en;
			hasScannedForEncodings = 0;
			knownRegions = (
				en,
				Base,
			);
			mainGroup = 324000A62B8073460017CA4F;
			productRefGroup = 324000B02B8073460017CA4F /* Products */;
			projectDirPath = "";
			projectRoot = "";
			targets = (
				324000AE2B8073460017CA4F /* GPSView */,
				324000BE2B8073480017CA4F /* GPSViewTests */,
				324000C82B8073490017CA4F /* GPSViewUITests */,
			);
		};
/* End PBXProject section */

/* Begin PBXResourcesBuildPhase section */
		324000AD2B8073460017CA4F /* Resources */ = {
			isa = PBXResourcesBuildPhase;
			buildActionMask = 2147483647;
			files = (
				324000BA2B8073480017CA4F /* Preview Assets.xcassets in Resources */,
				324000B72B8073480017CA4F /* Assets.xcassets in Resources */,
			);
			runOnlyForDeploymentPostprocessing = 0;
		};
		324000BD2B8073480017CA4F /* Resources */ = {
			isa = PBXResourcesBuildPhase;
			buildActionMask = 2147483647;
			files = (
			);
			runOnlyForDeploymentPostprocessing = 0;
		};
		324000C72B8073490017CA4F /* Resources */ = {
			isa = PBXResourcesBuildPhase;
			buildActionMask = 2147483647;
			files = (
			);
			runOnlyForDeploymentPostprocessing = 0;
		};
/* End PBXResourcesBuildPhase section */

/* Begin PBXSourcesBuildPhase section */
		324000AB2B8073460017CA4F /* Sources */ = {
			isa = PBXSourcesBuildPhase;
			buildActionMask = 2147483647;
			files = (
				324000B52B8073460017CA4F /* ContentView.swift in Sources */,
				324000DF2B8073C60017CA4F /* CircleImage.swift in Sources */,
				324000DD2B80739E0017CA4F /* MapView.swift in Sources */,
				324000B32B8073460017CA4F /* GPSViewApp.swift in Sources */,
			);
			runOnlyForDeploymentPostprocessing = 0;
		};
		324000BB2B8073480017CA4F /* Sources */ = {
			isa = PBXSourcesBuildPhase;
			buildActionMask = 2147483647;
			files = (
				324000C42B8073480017CA4F /* GPSViewTests.swift in Sources */,
			);
			runOnlyForDeploymentPostprocessing = 0;
		};
		324000C52B8073490017CA4F /* Sources */ = {
			isa = PBXSourcesBuildPhase;
			buildActionMask = 2147483647;
			files = (
				324000D02B8073490017CA4F /* GPSViewUITestsLaunchTests.swift in Sources */,
				324000CE2B8073490017CA4F /* GPSViewUITests.swift in Sources */,
			);
			runOnlyForDeploymentPostprocessing = 0;
		};
/* End PBXSourcesBuildPhase section */

/* Begin PBXTargetDependency section */
		324000C12B8073480017CA4F /* PBXTargetDependency */ = {
			isa = PBXTargetDependency;
			target = 324000AE2B8073460017CA4F /* GPSView */;
			targetProxy = 324000C02B8073480017CA4F /* PBXContainerItemProxy */;
		};
		324000CB2B8073490017CA4F /* PBXTargetDependency */ = {
			isa = PBXTargetDependency;
			target = 324000AE2B8073460017CA4F /* GPSView */;
			targetProxy = 324000CA2B8073490017CA4F /* PBXContainerItemProxy */;
		};
/* End PBXTargetDependency section */

/* Begin XCBuildConfiguration section */
		324000D12B8073490017CA4F /* Debug */ = {
			isa = XCBuildConfiguration;
			buildSettings = {
				ALWAYS_SEARCH_USER_PATHS = NO;
				ASSETCATALOG_COMPILER_GENERATE_SWIFT_ASSET_SYMBOL_EXTENSIONS = YES;
				CLANG_ANALYZER_NONNULL = YES;
				CLANG_ANALYZER_NUMBER_OBJECT_CONVERSION = YES_AGGRESSIVE;
				CLANG_CXX_LANGUAGE_STANDARD = "gnu++20";
				CLANG_ENABLE_MODULES = YES;
				CLANG_ENABLE_OBJC_ARC = YES;
				CLANG_ENABLE_OBJC_WEAK = YES;
				CLANG_WARN_BLOCK_CAPTURE_AUTORELEASING = YES;
				CLANG_WARN_BOOL_CONVERSION = YES;
				CLANG_WARN_COMMA = YES;
				CLANG_WARN_CONSTANT_CONVERSION = YES;
				CLANG_WARN_DEPRECATED_OBJC_IMPLEMENTATIONS = YES;
				CLANG_WARN_DIRECT_OBJC_ISA_USAGE = YES_ERROR;
				CLANG_WARN_DOCUMENTATION_COMMENTS = YES;
				CLANG_WARN_EMPTY_BODY = YES;
				CLANG_WARN_ENUM_CONVERSION = YES;
				CLANG_WARN_INFINITE_RECURSION = YES;
				CLANG_WARN_INT_CONVERSION = YES;
				CLANG_WARN_NON_LITERAL_NULL_CONVERSION = YES;
				CLANG_WARN_OBJC_IMPLICIT_RETAIN_SELF = YES;
				CLANG_WARN_OBJC_LITERAL_CONVERSION = YES;
				CLANG_WARN_OBJC_ROOT_CLASS = YES_ERROR;
				CLANG_WARN_QUOTED_INCLUDE_IN_FRAMEWORK_HEADER = YES;
				CLANG_WARN_RANGE_LOOP_ANALYSIS = YES;
				CLANG_WARN_STRICT_PROTOTYPES = YES;
				CLANG_WARN_SUSPICIOUS_MOVE = YES;
				CLANG_WARN_UNGUARDED_AVAILABILITY = YES_AGGRESSIVE;
				CLANG_WARN_UNREACHABLE_CODE = YES;
				CLANG_WARN__DUPLICATE_METHOD_MATCH = YES;
				COPY_PHASE_STRIP = NO;
				DEBUG_INFORMATION_FORMAT = dwarf;
				ENABLE_STRICT_OBJC_MSGSEND = YES;
				ENABLE_TESTABILITY = YES;
				ENABLE_USER_SCRIPT_SANDBOXING = YES;
				GCC_C_LANGUAGE_STANDARD = gnu17;
				GCC_DYNAMIC_NO_PIC = NO;
				GCC_NO_COMMON_BLOCKS = YES;
				GCC_OPTIMIZATION_LEVEL = 0;
				GCC_PREPROCESSOR_DEFINITIONS = (
					"DEBUG=1",
					"$(inherited)",
				);
				GCC_WARN_64_TO_32_BIT_CONVERSION = YES;
				GCC_WARN_ABOUT_RETURN_TYPE = YES_ERROR;
				GCC_WARN_UNDECLARED_SELECTOR = YES;
				GCC_WARN_UNINITIALIZED_AUTOS = YES_AGGRESSIVE;
				GCC_WARN_UNUSED_FUNCTION = YES;
				GCC_WARN_UNUSED_VARIABLE = YES;
				IPHONEOS_DEPLOYMENT_TARGET = 17.2;
				LOCALIZATION_PREFERS_STRING_CATALOGS = YES;
				MTL_ENABLE_DEBUG_INFO = INCLUDE_SOURCE;
				MTL_FAST_MATH = YES;
				ONLY_ACTIVE_ARCH = YES;
				SDKROOT = iphoneos;
				SWIFT_ACTIVE_COMPILATION_CONDITIONS = "DEBUG $(inherited)";
				SWIFT_OPTIMIZATION_LEVEL = "-Onone";
			};
			name = Debug;
		};
		324000D22B8073490017CA4F /* Release */ = {
			isa = XCBuildConfiguration;
			buildSettings = {
				ALWAYS_SEARCH_USER_PATHS = NO;
				ASSETCATALOG_COMPILER_GENERATE_SWIFT_ASSET_SYMBOL_EXTENSIONS = YES;
				CLANG_ANALYZER_NONNULL = YES;
				CLANG_ANALYZER_NUMBER_OBJECT_CONVERSION = YES_AGGRESSIVE;
				CLANG_CXX_LANGUAGE_STANDARD = "gnu++20";
				CLANG_ENABLE_MODULES = YES;
				CLANG_ENABLE_OBJC_ARC = YES;
				CLANG_ENABLE_OBJC_WEAK = YES;
				CLANG_WARN_BLOCK_CAPTURE_AUTORELEASING = YES;
				CLANG_WARN_BOOL_CONVERSION = YES;
				CLANG_WARN_COMMA = YES;
				CLANG_WARN_CONSTANT_CONVERSION = YES;
				CLANG_WARN_DEPRECATED_OBJC_IMPLEMENTATIONS = YES;
				CLANG_WARN_DIRECT_OBJC_ISA_USAGE = YES_ERROR;
				CLANG_WARN_DOCUMENTATION_COMMENTS = YES;
				CLANG_WARN_EMPTY_BODY = YES;
				CLANG_WARN_ENUM_CONVERSION = YES;
				CLANG_WARN_INFINITE_RECURSION = YES;
				CLANG_WARN_INT_CONVERSION = YES;
				CLANG_WARN_NON_LITERAL_NULL_CONVERSION = YES;
				CLANG_WARN_OBJC_IMPLICIT_RETAIN_SELF = YES;
				CLANG_WARN_OBJC_LITERAL_CONVERSION = YES;
				CLANG_WARN_OBJC_ROOT_CLASS = YES_ERROR;
				CLANG_WARN_QUOTED_INCLUDE_IN_FRAMEWORK_HEADER = YES;
				CLANG_WARN_RANGE_LOOP_ANALYSIS = YES;
				CLANG_WARN_STRICT_PROTOTYPES = YES;
				CLANG_WARN_SUSPICIOUS_MOVE = YES;
				CLANG_WARN_UNGUARDED_AVAILABILITY = YES_AGGRESSIVE;
				CLANG_WARN_UNREACHABLE_CODE = YES;
				CLANG_WARN__DUPLICATE_METHOD_MATCH = YES;
				COPY_PHASE_STRIP = NO;
				DEBUG_INFORMATION_FORMAT = "dwarf-with-dsym";
				ENABLE_NS_ASSERTIONS = NO;
				ENABLE_STRICT_OBJC_MSGSEND = YES;
				ENABLE_USER_SCRIPT_SANDBOXING = YES;
				GCC_C_LANGUAGE_STANDARD = gnu17;
				GCC_NO_COMMON_BLOCKS = YES;
				GCC_WARN_64_TO_32_BIT_CONVERSION = YES;
				GCC_WARN_ABOUT_RETURN_TYPE = YES_ERROR;
				GCC_WARN_UNDECLARED_SELECTOR = YES;
				GCC_WARN_UNINITIALIZED_AUTOS = YES_AGGRESSIVE;
				GCC_WARN_UNUSED_FUNCTION = YES;
				GCC_WARN_UNUSED_VARIABLE = YES;
				IPHONEOS_DEPLOYMENT_TARGET = 17.2;
				LOCALIZATION_PREFERS_STRING_CATALOGS = YES;
				MTL_ENABLE_DEBUG_INFO = NO;
				MTL_FAST_MATH = YES;
				SDKROOT = iphoneos;
				SWIFT_COMPILATION_MODE = wholemodule;
				VALIDATE_PRODUCT = YES;
			};
			name = Release;
		};
		324000D42B8073490017CA4F /* Debug */ = {
			isa = XCBuildConfiguration;
			buildSettings = {
				ASSETCATALOG_COMPILER_APPICON_NAME = AppIcon;
				ASSETCATALOG_COMPILER_GLOBAL_ACCENT_COLOR_NAME = AccentColor;
				CODE_SIGN_STYLE = Automatic;
				CURRENT_PROJECT_VERSION = 1;
				DEVELOPMENT_ASSET_PATHS = "\"GPSView/Preview Content\"";
				DEVELOPMENT_TEAM = SHVDK97RWY;
				ENABLE_PREVIEWS = YES;
				GENERATE_INFOPLIST_FILE = YES;
				INFOPLIST_KEY_UIApplicationSceneManifest_Generation = YES;
				INFOPLIST_KEY_UIApplicationSupportsIndirectInputEvents = YES;
				INFOPLIST_KEY_UILaunchScreen_Generation = YES;
				INFOPLIST_KEY_UISupportedInterfaceOrientations_iPad = "UIInterfaceOrientationPortrait UIInterfaceOrientationPortraitUpsideDown UIInterfaceOrientationLandscapeLeft UIInterfaceOrientationLandscapeRight";
				INFOPLIST_KEY_UISupportedInterfaceOrientations_iPhone = "UIInterfaceOrientationPortrait UIInterfaceOrientationLandscapeLeft UIInterfaceOrientationLandscapeRight";
				LD_RUNPATH_SEARCH_PATHS = (
					"$(inherited)",
					"@executable_path/Frameworks",
				);
				MARKETING_VERSION = 1.0;
				PRODUCT_BUNDLE_IDENTIFIER = tbd.GPSView;
				PRODUCT_NAME = "$(TARGET_NAME)";
				SWIFT_EMIT_LOC_STRINGS = YES;
				SWIFT_VERSION = 5.0;
				TARGETED_DEVICE_FAMILY = "1,2";
			};
			name = Debug;
		};
		324000D52B8073490017CA4F /* Release */ = {
			isa = XCBuildConfiguration;
			buildSettings = {
				ASSETCATALOG_COMPILER_APPICON_NAME = AppIcon;
				ASSETCATALOG_COMPILER_GLOBAL_ACCENT_COLOR_NAME = AccentColor;
				CODE_SIGN_STYLE = Automatic;
				CURRENT_PROJECT_VERSION = 1;
				DEVELOPMENT_ASSET_PATHS = "\"GPSView/Preview Content\"";
				DEVELOPMENT_TEAM = SHVDK97RWY;
				ENABLE_PREVIEWS = YES;
				GENERATE_INFOPLIST_FILE = YES;
				INFOPLIST_KEY_UIApplicationSceneManifest_Generation = YES;
				INFOPLIST_KEY_UIApplicationSupportsIndirectInputEvents = YES;
				INFOPLIST_KEY_UILaunchScreen_Generation = YES;
				INFOPLIST_KEY_UISupportedInterfaceOrientations_iPad = "UIInterfaceOrientationPortrait UIInterfaceOrientationPortraitUpsideDown UIInterfaceOrientationLandscapeLeft UIInterfaceOrientationLandscapeRight";
				INFOPLIST_KEY_UISupportedInterfaceOrientations_iPhone = "UIInterfaceOrientationPortrait UIInterfaceOrientationLandscapeLeft UIInterfaceOrientationLandscapeRight";
				LD_RUNPATH_SEARCH_PATHS = (
					"$(inherited)",
					"@executable_path/Frameworks",
				);
				MARKETING_VERSION = 1.0;
				PRODUCT_BUNDLE_IDENTIFIER = tbd.GPSView;
				PRODUCT_NAME = "$(TARGET_NAME)";
				SWIFT_EMIT_LOC_STRINGS = YES;
				SWIFT_VERSION = 5.0;
				TARGETED_DEVICE_FAMILY = "1,2";
			};
			name = Release;
		};
		324000D72B8073490017CA4F /* Debug */ = {
			isa = XCBuildConfiguration;
			buildSettings = {
				ALWAYS_EMBED_SWIFT_STANDARD_LIBRARIES = YES;
				BUNDLE_LOADER = "$(TEST_HOST)";
				CODE_SIGN_STYLE = Automatic;
				CURRENT_PROJECT_VERSION = 1;
				DEVELOPMENT_TEAM = SHVDK97RWY;
				GENERATE_INFOPLIST_FILE = YES;
				IPHONEOS_DEPLOYMENT_TARGET = 17.2;
				MARKETING_VERSION = 1.0;
				PRODUCT_BUNDLE_IDENTIFIER = tbd.GPSViewTests;
				PRODUCT_NAME = "$(TARGET_NAME)";
				SWIFT_EMIT_LOC_STRINGS = NO;
				SWIFT_VERSION = 5.0;
				TARGETED_DEVICE_FAMILY = "1,2";
				TEST_HOST = "$(BUILT_PRODUCTS_DIR)/GPSView.app/$(BUNDLE_EXECUTABLE_FOLDER_PATH)/GPSView";
			};
			name = Debug;
		};
		324000D82B8073490017CA4F /* Release */ = {
			isa = XCBuildConfiguration;
			buildSettings = {
				ALWAYS_EMBED_SWIFT_STANDARD_LIBRARIES = YES;
				BUNDLE_LOADER = "$(TEST_HOST)";
				CODE_SIGN_STYLE = Automatic;
				CURRENT_PROJECT_VERSION = 1;
				DEVELOPMENT_TEAM = SHVDK97RWY;
				GENERATE_INFOPLIST_FILE = YES;
				IPHONEOS_DEPLOYMENT_TARGET = 17.2;
				MARKETING_VERSION = 1.0;
				PRODUCT_BUNDLE_IDENTIFIER = tbd.GPSViewTests;
				PRODUCT_NAME = "$(TARGET_NAME)";
				SWIFT_EMIT_LOC_STRINGS = NO;
				SWIFT_VERSION = 5.0;
				TARGETED_DEVICE_FAMILY = "1,2";
				TEST_HOST = "$(BUILT_PRODUCTS_DIR)/GPSView.app/$(BUNDLE_EXECUTABLE_FOLDER_PATH)/GPSView";
			};
			name = Release;
		};
		324000DA2B8073490017CA4F /* Debug */ = {
			isa = XCBuildConfiguration;
			buildSettings = {
				ALWAYS_EMBED_SWIFT_STANDARD_LIBRARIES = YES;
				CODE_SIGN_STYLE = Automatic;
				CURRENT_PROJECT_VERSION = 1;
				DEVELOPMENT_TEAM = SHVDK97RWY;
				GENERATE_INFOPLIST_FILE = YES;
				MARKETING_VERSION = 1.0;
				PRODUCT_BUNDLE_IDENTIFIER = tbd.GPSViewUITests;
				PRODUCT_NAME = "$(TARGET_NAME)";
				SWIFT_EMIT_LOC_STRINGS = NO;
				SWIFT_VERSION = 5.0;
				TARGETED_DEVICE_FAMILY = "1,2";
				TEST_TARGET_NAME = GPSView;
			};
			name = Debug;
		};
		324000DB2B8073490017CA4F /* Release */ = {
			isa = XCBuildConfiguration;
			buildSettings = {
				ALWAYS_EMBED_SWIFT_STANDARD_LIBRARIES = YES;
				CODE_SIGN_STYLE = Automatic;
				CURRENT_PROJECT_VERSION = 1;
				DEVELOPMENT_TEAM = SHVDK97RWY;
				GENERATE_INFOPLIST_FILE = YES;
				MARKETING_VERSION = 1.0;
				PRODUCT_BUNDLE_IDENTIFIER = tbd.GPSViewUITests;
				PRODUCT_NAME = "$(TARGET_NAME)";
				SWIFT_EMIT_LOC_STRINGS = NO;
				SWIFT_VERSION = 5.0;
				TARGETED_DEVICE_FAMILY = "1,2";
				TEST_TARGET_NAME = GPSView;
			};
			name = Release;
		};
/* End XCBuildConfiguration section */

/* Begin XCConfigurationList section */
		324000AA2B8073460017CA4F /* Build configuration list for PBXProject "GPSView" */ = {
			isa = XCConfigurationList;
			buildConfigurations = (
				324000D12B8073490017CA4F /* Debug */,
				324000D22B8073490017CA4F /* Release */,
			);
			defaultConfigurationIsVisible = 0;
			defaultConfigurationName = Release;
		};
		324000D32B8073490017CA4F /* Build configuration list for PBXNativeTarget "GPSView" */ = {
			isa = XCConfigurationList;
			buildConfigurations = (
				324000D42B8073490017CA4F /* Debug */,
				324000D52B8073490017CA4F /* Release */,
			);
			defaultConfigurationIsVisible = 0;
			defaultConfigurationName = Release;
		};
		324000D62B8073490017CA4F /* Build configuration list for PBXNativeTarget "GPSViewTests" */ = {
			isa = XCConfigurationList;
			buildConfigurations = (
				324000D72B8073490017CA4F /* Debug */,
				324000D82B8073490017CA4F /* Release */,
			);
			defaultConfigurationIsVisible = 0;
			defaultConfigurationName = Release;
		};
		324000D92B8073490017CA4F /* Build configuration list for PBXNativeTarget "GPSViewUITests" */ = {
			isa = XCConfigurationList;
			buildConfigurations = (
				324000DA2B8073490017CA4F /* Debug */,
				324000DB2B8073490017CA4F /* Release */,
			);
			defaultConfigurationIsVisible = 0;
			defaultConfigurationName = Release;
		};
/* End XCConfigurationList section */
	};
	rootObject = 324000A72B8073460017CA4F /* Project object */;
}
